PODS:
  - BigInt (4.0.0)
  - SwiftBTC (0.0.8):
    - BigInt (~> 4)

DEPENDENCIES:
  - SwiftBTC (from `../`)

SPEC REPOS:
  https://github.com/cocoapods/specs.git:
    - BigInt

EXTERNAL SOURCES:
  SwiftBTC:
    :path: "../"

SPEC CHECKSUMS:
  BigInt: 2aad1a9942dc932ec8b84290d2c564a3d76f97ab
  SwiftBTC: ff84a5a95510e94154389b7f26f4a1418b3954e4

PODFILE CHECKSUM: 2560c4bd07795ec01222e06d9ebfcee54ea96e1d

COCOAPODS: 1.6.0
