PODS:
  - BigInt (3.1.0):
    - SipHash (~> 1.2)
  - SipHash (1.2.2)
  - SwiftBTC (0.1.0):
    - BigInt (~> 3.1)

DEPENDENCIES:
  - SwiftBTC (from `../`)

SPEC REPOS:
  https://github.com/cocoapods/specs.git:
    - BigInt
    - SipHash

EXTERNAL SOURCES:
  SwiftBTC:
    :path: "../"

SPEC CHECKSUMS:
  BigInt: 76b5dfdfa3e2e478d4ffdf161aeede5502e2742f
  SipHash: fad90a4683e420c52ef28063063dbbce248ea6d4
  SwiftBTC: fbfabc57dc9fe57f3e89ceac083e8f0fd0b95f42

PODFILE CHECKSUM: 2560c4bd07795ec01222e06d9ebfcee54ea96e1d

COCOAPODS: 1.5.3
